<?xml version="1.0" encoding="utf-8"?>
<Project ToolsVersion="4.0" xmlns="http://schemas.microsoft.com/developer/msbuild/2003">
  <ItemGroup>
    <Filter Include="Source Files">
      <UniqueIdentifier>{4FC737F1-C7A5-4376-A066-2A32D752A2FF}</UniqueIdentifier>
      <Extensions>cpp;c;cc;cxx;def;odl;idl;hpj;bat;asm;asmx</Extensions>
    </Filter>
    <Filter Include="Header Files">
      <UniqueIdentifier>{93995380-89BD-4b04-88EB-625FBE52EBFB}</UniqueIdentifier>
      <Extensions>h;hh;hpp;hxx;hm;inl;inc;ipp;xsd</Extensions>
    </Filter>
    <Filter Include="Resource Files">
      <UniqueIdentifier>{67DA6AB6-F800-4c08-8B7A-83BB121AAD01}</UniqueIdentifier>
      <Extensions>rc;ico;cur;bmp;dlg;rc2;rct;bin;rgs;gif;jpg;jpeg;jpe;resx;tiff;tif;png;wav;mfcribbon-ms</Extensions>
    </Filter>
  </ItemGroup>
  <ItemGroup>
    <ClInclude Include="headers\AOIControlDialog.h">
      <Filter>Header Files</Filter>
    </ClInclude>
    <ClInclude Include="headers\ARO_App.h">
      <Filter>Header Files</Filter>
    </ClInclude>
    <ClInclude Include="headers\Blink_SDK.h">
      <Filter>Header Files</Filter>
    </ClInclude>
    <ClInclude Include="headers\CamDisplay.h">
      <Filter>Header Files</Filter>
    </ClInclude>
    <ClInclude Include="headers\CameraControlDialog.h">
      <Filter>Header Files</Filter>
    </ClInclude>
    <ClInclude Include="headers\CameraController.h">
      <Filter>Header Files</Filter>
    </ClInclude>
    <ClInclude Include="headers\BruteForce_Optimization.h">
      <Filter>Header Files</Filter>
    </ClInclude>
    <ClInclude Include="headers\cdib.h">
      <Filter>Header Files</Filter>
    </ClInclude>
    <ClInclude Include="headers\Individual.h">
      <Filter>Header Files</Filter>
    </ClInclude>
    <ClInclude Include="headers\ImageScaler.h">
      <Filter>Header Files</Filter>
    </ClInclude>
    <ClInclude Include="headers\MainDialog.h">
      <Filter>Header Files</Filter>
    </ClInclude>
    <ClInclude Include="headers\Optimization.h">
      <Filter>Header Files</Filter>
    </ClInclude>
    <ClInclude Include="headers\OptimizationControlDialog.h">
      <Filter>Header Files</Filter>
    </ClInclude>
    <ClInclude Include="headers\Population.h">
      <Filter>Header Files</Filter>
    </ClInclude>
    <ClInclude Include="headers\Resource.h">
      <Filter>Header Files</Filter>
    </ClInclude>
    <ClInclude Include="headers\Utility.h">
      <Filter>Header Files</Filter>
    </ClInclude>
    <ClInclude Include="headers\uGA_Population.h">
      <Filter>Header Files</Filter>
    </ClInclude>
    <ClInclude Include="headers\uGA_Optimization.h">
      <Filter>Header Files</Filter>
    </ClInclude>
    <ClInclude Include="headers\Timing.h">
      <Filter>Header Files</Filter>
    </ClInclude>
    <ClInclude Include="headers\TimeStamp.h">
      <Filter>Header Files</Filter>
    </ClInclude>
    <ClInclude Include="headers\targetver.h">
      <Filter>Header Files</Filter>
    </ClInclude>
    <ClInclude Include="headers\stdafx.h">
      <Filter>Header Files</Filter>
    </ClInclude>
    <ClInclude Include="headers\SLMController.h">
      <Filter>Header Files</Filter>
    </ClInclude>
    <ClInclude Include="headers\SLMControlDialog.h">
      <Filter>Header Files</Filter>
    </ClInclude>
    <ClInclude Include="headers\SGA_Population.h">
      <Filter>Header Files</Filter>
    </ClInclude>
    <ClInclude Include="headers\SGA_Optimization.h">
      <Filter>Header Files</Filter>
    </ClInclude>
    <ClInclude Include="headers\SLM_Board.h">
      <Filter>Header Files</Filter>
    </ClInclude>
  </ItemGroup>
  <ItemGroup>
    <ClCompile Include="source\ARO_App.cpp">
      <Filter>Source Files</Filter>
    </ClCompile>
    <ClCompile Include="source\AOIControlDialog.cpp">
      <Filter>Source Files</Filter>
    </ClCompile>
    <ClCompile Include="source\BruteForce_Optimization.cpp">
      <Filter>Source Files</Filter>
    </ClCompile>
    <ClCompile Include="source\CamDisplay.cpp">
      <Filter>Source Files</Filter>
    </ClCompile>
    <ClCompile Include="source\CameraController.cpp">
      <Filter>Source Files</Filter>
    </ClCompile>
    <ClCompile Include="source\CameraControlDialog.cpp">
      <Filter>Source Files</Filter>
    </ClCompile>
    <ClCompile Include="source\cdib.cpp">
      <Filter>Source Files</Filter>
    </ClCompile>
    <ClCompile Include="source\MainDialog.cpp">
      <Filter>Source Files</Filter>
    </ClCompile>
    <ClCompile Include="source\ImageScaler.cpp">
      <Filter>Source Files</Filter>
    </ClCompile>
    <ClCompile Include="source\Optimization.cpp">
      <Filter>Source Files</Filter>
    </ClCompile>
    <ClCompile Include="source\OptimizationControlDialog.cpp">
      <Filter>Source Files</Filter>
    </ClCompile>
    <ClCompile Include="source\SGA_Optimization.cpp">
      <Filter>Source Files</Filter>
    </ClCompile>
    <ClCompile Include="source\Utility.cpp">
      <Filter>Source Files</Filter>
    </ClCompile>
    <ClCompile Include="source\SLM_Board.cpp">
      <Filter>Source Files</Filter>
    </ClCompile>
    <ClCompile Include="source\TimeStamp.cpp">
      <Filter>Source Files</Filter>
    </ClCompile>
    <ClCompile Include="source\uGA_Optimization.cpp">
      <Filter>Source Files</Filter>
    </ClCompile>
    <ClCompile Include="source\SLMController.cpp">
      <Filter>Source Files</Filter>
    </ClCompile>
    <ClCompile Include="source\SLMControlDialog.cpp">
      <Filter>Source Files</Filter>
    </ClCompile>
    <ClCompile Include="source\stdafx.cpp">
      <Filter>Source Files</Filter>
    </ClCompile>
  </ItemGroup>
  <ItemGroup>
    <ResourceCompile Include="ARO_Project.rc">
      <Filter>Resource Files</Filter>
    </ResourceCompile>
  </ItemGroup>
  <ItemGroup>
    <None Include="res\ARO_Project.rc2">
      <Filter>Resource Files</Filter>
    </None>
  </ItemGroup>
  <ItemGroup>
    <Image Include="res\ARO_Proj.ico">
      <Filter>Resource Files</Filter>
    </Image>
  </ItemGroup>
</Project>